
Microsoft Visual Studio Solution File, Format Version 12.00
# Visual Studio Version 16
VisualStudioVersion = 16.0.29709.97
MinimumVisualStudioVersion = 10.0.40219.1
Project("{FAE04EC0-301F-11D3-BF4B-00C04F79EFBC}") = "Final Project", "Final Project\Final Project.csproj", "{18AB19C4-43B5-4292-A516-0DF194AA43D6}"
EndProject
Global
	GlobalSection(SolutionConfigurationPlatforms) = preSolution
		Debug|Any CPU = Debug|Any CPU
		Release|Any CPU = Release|Any CPU
	EndGlobalSection
	GlobalSection(ProjectConfigurationPlatforms) = postSolution
		{18AB19C4-43B5-4292-A516-0DF194AA43D6}.Debug|Any CPU.ActiveCfg = Debug|Any CPU
		{18AB19C4-43B5-4292-A516-0DF194AA43D6}.Debug|Any CPU.Build.0 = Debug|Any CPU
		{18AB19C4-43B5-4292-A516-0DF194AA43D6}.Release|Any CPU.ActiveCfg = Release|Any CPU
		{18AB19C4-43B5-4292-A516-0DF194AA43D6}.Release|Any CPU.Build.0 = Release|Any CPU
	EndGlobalSection
	GlobalSection(SolutionProperties) = preSolution
		HideSolutionNode = FALSE
	EndGlobalSection
	GlobalSection(ExtensibilityGlobals) = postSolution
		SolutionGuid = {F4734A10-6C28-4FC6-A38F-D6C07A0161D2}
	EndGlobalSection
EndGlobal
